
Microsoft Visual Studio Solution File, Format Version 12.00
# Visual Studio 15
VisualStudioVersion = 15.0.27428.2015
MinimumVisualStudioVersion = 10.0.40219.1
Project("{FAE04EC0-301F-11D3-BF4B-00C04F79EFBC}") = "OnlineShop.Common", "OnlineShop.Common\OnlineShop.Common.csproj", "{138703A9-A331-4CBA-B286-2A48B788CB45}"
EndProject
Project("{FAE04EC0-301F-11D3-BF4B-00C04F79EFBC}") = "OnlineShop.Model", "OnlineShop.Model\OnlineShop.Model.csproj", "{811FDDB3-5399-48CD-8E28-41A1281AD983}"
EndProject
Project("{FAE04EC0-301F-11D3-BF4B-00C04F79EFBC}") = "OnlineShop.Repositories", "OnlineShop.Repositories\OnlineShop.Repositories.csproj", "{1FB8E3E3-B1EF-4CEE-A509-6907A4E4DD8D}"
EndProject
Project("{FAE04EC0-301F-11D3-BF4B-00C04F79EFBC}") = "OnlineShop.Service", "OnlineShop.Service\OnlineShop.Service.csproj", "{01330239-2627-4BA1-9D18-F18EEC0AB24F}"
EndProject
Project("{FAE04EC0-301F-11D3-BF4B-00C04F79EFBC}") = "OnlineShop.UnitTest", "OnlineShop.UnitTest\OnlineShop.UnitTest.csproj", "{9A5C2FD5-F6F9-457D-8594-5B0E859A9DB2}"
EndProject
Project("{FAE04EC0-301F-11D3-BF4B-00C04F79EFBC}") = "OnlineShop.WebApplication", "OnlineShop.WebApplication\OnlineShop.WebApplication.csproj", "{E12F318A-474C-4156-B042-4F3A609A0BE9}"
EndProject
Global
	GlobalSection(SolutionConfigurationPlatforms) = preSolution
		Debug|Any CPU = Debug|Any CPU
		Release|Any CPU = Release|Any CPU
	EndGlobalSection
	GlobalSection(ProjectConfigurationPlatforms) = postSolution
		{138703A9-A331-4CBA-B286-2A48B788CB45}.Debug|Any CPU.ActiveCfg = Debug|Any CPU
		{138703A9-A331-4CBA-B286-2A48B788CB45}.Debug|Any CPU.Build.0 = Debug|Any CPU
		{138703A9-A331-4CBA-B286-2A48B788CB45}.Release|Any CPU.ActiveCfg = Release|Any CPU
		{138703A9-A331-4CBA-B286-2A48B788CB45}.Release|Any CPU.Build.0 = Release|Any CPU
		{811FDDB3-5399-48CD-8E28-41A1281AD983}.Debug|Any CPU.ActiveCfg = Debug|Any CPU
		{811FDDB3-5399-48CD-8E28-41A1281AD983}.Debug|Any CPU.Build.0 = Debug|Any CPU
		{811FDDB3-5399-48CD-8E28-41A1281AD983}.Release|Any CPU.ActiveCfg = Release|Any CPU
		{811FDDB3-5399-48CD-8E28-41A1281AD983}.Release|Any CPU.Build.0 = Release|Any CPU
		{1FB8E3E3-B1EF-4CEE-A509-6907A4E4DD8D}.Debug|Any CPU.ActiveCfg = Debug|Any CPU
		{1FB8E3E3-B1EF-4CEE-A509-6907A4E4DD8D}.Debug|Any CPU.Build.0 = Debug|Any CPU
		{1FB8E3E3-B1EF-4CEE-A509-6907A4E4DD8D}.Release|Any CPU.ActiveCfg = Release|Any CPU
		{1FB8E3E3-B1EF-4CEE-A509-6907A4E4DD8D}.Release|Any CPU.Build.0 = Release|Any CPU
		{01330239-2627-4BA1-9D18-F18EEC0AB24F}.Debug|Any CPU.ActiveCfg = Debug|Any CPU
		{01330239-2627-4BA1-9D18-F18EEC0AB24F}.Debug|Any CPU.Build.0 = Debug|Any CPU
		{01330239-2627-4BA1-9D18-F18EEC0AB24F}.Release|Any CPU.ActiveCfg = Release|Any CPU
		{01330239-2627-4BA1-9D18-F18EEC0AB24F}.Release|Any CPU.Build.0 = Release|Any CPU
		{9A5C2FD5-F6F9-457D-8594-5B0E859A9DB2}.Debug|Any CPU.ActiveCfg = Debug|Any CPU
		{9A5C2FD5-F6F9-457D-8594-5B0E859A9DB2}.Debug|Any CPU.Build.0 = Debug|Any CPU
		{9A5C2FD5-F6F9-457D-8594-5B0E859A9DB2}.Release|Any CPU.ActiveCfg = Release|Any CPU
		{9A5C2FD5-F6F9-457D-8594-5B0E859A9DB2}.Release|Any CPU.Build.0 = Release|Any CPU
		{E12F318A-474C-4156-B042-4F3A609A0BE9}.Debug|Any CPU.ActiveCfg = Debug|Any CPU
		{E12F318A-474C-4156-B042-4F3A609A0BE9}.Debug|Any CPU.Build.0 = Debug|Any CPU
		{E12F318A-474C-4156-B042-4F3A609A0BE9}.Release|Any CPU.ActiveCfg = Release|Any CPU
		{E12F318A-474C-4156-B042-4F3A609A0BE9}.Release|Any CPU.Build.0 = Release|Any CPU
	EndGlobalSection
	GlobalSection(SolutionProperties) = preSolution
		HideSolutionNode = FALSE
	EndGlobalSection
	GlobalSection(ExtensibilityGlobals) = postSolution
		SolutionGuid = {006A73F5-F0F3-449B-A24C-038EB3B123F2}
	EndGlobalSection
EndGlobal
